{
  "version": 4,
  "terraform_version": "1.14.3",
  "serial": 21,
  "lineage": "72b4341a-7578-066c-7434-d010607ed232",
  "outputs": {
    "bastion_private_ip": {
      "value": "10.50.1.5",
      "type": "string"
    },
    "bastion_public_ip": {
      "value": "188.245.191.218",
      "type": "string"
    },
    "bastion_server_id": {
      "value": "117401213",
      "type": "string"
    }
  },
  "resources": [
    {
      "mode": "data",
      "type": "terraform_remote_state",
      "name": "core_network",
      "provider": "provider[\"terraform.io/builtin/terraform\"]",
      "instances": [
        {
          "schema_version": 0,
          "attributes": {
            "backend": "local",
            "config": {
              "value": {
                "path": "../core_network/terraform.tfstate"
              },
              "type": [
                "object",
                {
                  "path": "string"
                }
              ]
            },
            "defaults": null,
            "outputs": {
              "value": {
                "parent_network_id": 11830892,
                "subnet_cidr": "10.50.1.0/24",
                "subnet_id": "11830892-10.50.1.0/24"
              },
              "type": [
                "object",
                {
                  "parent_network_id": "number",
                  "subnet_cidr": "string",
                  "subnet_id": "string"
                }
              ]
            },
            "workspace": null
          },
          "sensitive_attributes": [],
          "identity_schema_version": 0
        }
      ]
    },
    {
      "mode": "managed",
      "type": "hcloud_ssh_key",
      "name": "bastion_admin",
      "provider": "provider[\"registry.terraform.io/hetznercloud/hcloud\"]",
      "instances": [
        {
          "schema_version": 0,
          "attributes": {
            "fingerprint": "26:1d:f2:ff:9b:f5:f6:9b:22:d6:23:de:19:c7:91:5b",
            "id": "105605464",
            "labels": {},
            "name": "admin-bootstrap-key",
            "public_key": "ssh-ed25519 AAAAC3NzaC1lZDI1NTE5AAAAID4+KAl2KQZlD6Iq6zd1AWt9ywxU9nb82inQvluuL1UD nikolaevata@pm.me\n"
          },
          "sensitive_attributes": [],
          "identity_schema_version": 0
        }
      ]
    },
    {
      "module": "module.bastion_firewall",
      "mode": "managed",
      "type": "hcloud_firewall",
      "name": "bastion_fw",
      "provider": "provider[\"registry.terraform.io/hetznercloud/hcloud\"]",
      "instances": [
        {
          "schema_version": 0,
          "attributes": {
            "apply_to": [
              {
                "label_selector": "",
                "server": 117400333
              }
            ],
            "id": "10392994",
            "labels": {},
            "name": "bastion-fw",
            "rule": [
              {
                "description": "",
                "destination_ips": [],
                "direction": "in",
                "port": "22",
                "protocol": "tcp",
                "source_ips": [
                  "10.50.1.0/24"
                ]
              },
              {
                "description": "",
                "destination_ips": [],
                "direction": "in",
                "port": "51820",
                "protocol": "udp",
                "source_ips": [
                  "0.0.0.0/0",
                  "::/0"
                ]
              }
            ]
          },
          "sensitive_attributes": [],
          "identity_schema_version": 0,
          "private": "bnVsbA==",
          "dependencies": [
            "data.terraform_remote_state.core_network"
          ]
        }
      ]
    },
    {
      "module": "module.bastion_firewall",
      "mode": "managed",
      "type": "hcloud_firewall_attachment",
      "name": "bastion_fw_attach",
      "provider": "provider[\"registry.terraform.io/hetznercloud/hcloud\"]",
      "instances": [
        {
          "schema_version": 0,
          "attributes": {
            "firewall_id": 10392994,
            "id": "10392994",
            "label_selectors": [],
            "server_ids": [
              117401213
            ]
          },
          "sensitive_attributes": [],
          "identity_schema_version": 0,
          "private": "bnVsbA==",
          "dependencies": [
            "data.terraform_remote_state.core_network",
            "hcloud_ssh_key.bastion_admin",
            "module.bastion_firewall.hcloud_firewall.bastion_fw",
            "module.bastion_server.hcloud_server.server"
          ]
        }
      ]
    },
    {
      "module": "module.bastion_server",
      "mode": "managed",
      "type": "hcloud_server",
      "name": "server",
      "provider": "provider[\"registry.terraform.io/hetznercloud/hcloud\"]",
      "instances": [
        {
          "schema_version": 0,
          "attributes": {
            "allow_deprecated_images": false,
            "backup_window": "",
            "backups": false,
            "datacenter": "nbg1-dc3",
            "delete_protection": false,
            "firewall_ids": [],
            "id": "117401213",
            "ignore_remote_firewall_ids": false,
            "image": "ubuntu-22.04",
            "ipv4_address": "188.245.191.218",
            "ipv6_address": "",
            "ipv6_network": "\u003cnil\u003e",
            "iso": null,
            "keep_disk": false,
            "labels": null,
            "location": "nbg1",
            "name": "bastion",
            "network": [
              {
                "alias_ips": [],
                "ip": "10.50.1.5",
                "mac_address": "86:00:00:83:e7:e0",
                "network_id": 11830892
              }
            ],
            "placement_group_id": 0,
            "primary_disk_size": 40,
            "public_net": [
              {
                "ipv4": 0,
                "ipv4_enabled": true,
                "ipv6": 0,
                "ipv6_enabled": false
              }
            ],
            "rebuild_protection": false,
            "rescue": null,
            "server_type": "cx23",
            "shutdown_before_deletion": false,
            "ssh_keys": [
              "105605464"
            ],
            "status": "running",
            "timeouts": null,
            "user_data": null
          },
          "sensitive_attributes": [],
          "identity_schema_version": 0,
          "private": "eyJlMmJmYjczMC1lY2FhLTExZTYtOGY4OC0zNDM2M2JjN2M0YzAiOnsiY3JlYXRlIjo1NDAwMDAwMDAwMDAwfX0=",
          "dependencies": [
            "data.terraform_remote_state.core_network",
            "hcloud_ssh_key.bastion_admin"
          ]
        }
      ]
    }
  ],
  "check_results": [
    {
      "object_kind": "var",
      "config_addr": "var.host_offset_bastion",
      "status": "pass",
      "objects": [
        {
          "object_addr": "var.host_offset_bastion",
          "status": "pass"
        }
      ]
    }
  ]
}
